{
  "name": "frontend",
  "version": "1.0.0",
  "lockfileVersion": 2,
  "requires": true,
  "packages": {
    "": {
      "name": "frontend",
      "version": "1.0.0",
      "license": "ISC",
      "dependencies": {
        "angular-expressions": "^1.1.4"
      }
    },
    "node_modules/angular-expressions": {
      "version": "1.1.4",
      "resolved": "https://registry.npmjs.org/angular-expressions/-/angular-expressions-1.1.4.tgz",
      "integrity": "sha512-c+dUX5GxcFPGmWG/1deibXht5WVnr9rMkPiWG6i1ErUU4Ua+LzY9nbEyBkfKUPOZFuo1MDO6OkxfHtQBJZDnnA=="
    }
  },
  "dependencies": {
    "angular-expressions": {
      "version": "1.1.4",
      "resolved": "https://registry.npmjs.org/angular-expressions/-/angular-expressions-1.1.4.tgz",
      "integrity": "sha512-c+dUX5GxcFPGmWG/1deibXht5WVnr9rMkPiWG6i1ErUU4Ua+LzY9nbEyBkfKUPOZFuo1MDO6OkxfHtQBJZDnnA=="
    }
  }
}
